
Microsoft Visual Studio Solution File, Format Version 12.00
# Visual Studio Version 17
VisualStudioVersion = 17.0.31903.59
MinimumVisualStudioVersion = 10.0.40219.1
Project("{FAE04EC0-301F-11D3-BF4B-00C04F79EFBC}") = "Challenge", "Challenge.csproj", "{68AB11DC-C7D3-4C80-A1FD-8DE8292D6FF6}"
EndProject
Global
	GlobalSection(SolutionConfigurationPlatforms) = preSolution
		Debug|Any CPU = Debug|Any CPU
		Release|Any CPU = Release|Any CPU
	EndGlobalSection
	GlobalSection(ProjectConfigurationPlatforms) = postSolution
		{68AB11DC-C7D3-4C80-A1FD-8DE8292D6FF6}.Debug|Any CPU.ActiveCfg = Debug|Any CPU
		{68AB11DC-C7D3-4C80-A1FD-8DE8292D6FF6}.Debug|Any CPU.Build.0 = Debug|Any CPU
		{68AB11DC-C7D3-4C80-A1FD-8DE8292D6FF6}.Release|Any CPU.ActiveCfg = Release|Any CPU
		{68AB11DC-C7D3-4C80-A1FD-8DE8292D6FF6}.Release|Any CPU.Build.0 = Release|Any CPU
	EndGlobalSection
	GlobalSection(SolutionProperties) = preSolution
		HideSolutionNode = FALSE
	EndGlobalSection
	GlobalSection(ExtensibilityGlobals) = postSolution
		SolutionGuid = {CE3013B5-B03B-4126-8B59-157BD6068588}
	EndGlobalSection
EndGlobal
